
Microsoft Visual Studio Solution File, Format Version 12.00
# Visual Studio Version 17
VisualStudioVersion = 17.0.31903.59
MinimumVisualStudioVersion = 10.0.40219.1
Project("{2150E333-8FDC-42A3-9474-1A3956D46DE8}") = "src", "src", "{83BBCA77-ADCD-4207-A079-B283D1AF70B5}"
EndProject
Project("{FAE04EC0-301F-11D3-BF4B-00C04F79EFBC}") = "Web", "src\Web\Web.csproj", "{8CFD0B7B-1357-4A78-8090-48CD43C80833}"
EndProject
Project("{FAE04EC0-301F-11D3-BF4B-00C04F79EFBC}") = "Services", "src\Services\Services.csproj", "{0BFA43A7-6AD8-4AA8-B30F-DFE1D3EC400F}"
EndProject
Project("{FAE04EC0-301F-11D3-BF4B-00C04F79EFBC}") = "ServiceTests", "src\ServiceTests\ServiceTests.csproj", "{485B7090-1934-422B-B061-9973E9037518}"
EndProject
Global
	GlobalSection(SolutionConfigurationPlatforms) = preSolution
		Debug|Any CPU = Debug|Any CPU
		Release|Any CPU = Release|Any CPU
	EndGlobalSection
	GlobalSection(SolutionProperties) = preSolution
		HideSolutionNode = FALSE
	EndGlobalSection
	GlobalSection(ProjectConfigurationPlatforms) = postSolution
		{8CFD0B7B-1357-4A78-8090-48CD43C80833}.Debug|Any CPU.ActiveCfg = Debug|Any CPU
		{8CFD0B7B-1357-4A78-8090-48CD43C80833}.Debug|Any CPU.Build.0 = Debug|Any CPU
		{8CFD0B7B-1357-4A78-8090-48CD43C80833}.Release|Any CPU.ActiveCfg = Release|Any CPU
		{8CFD0B7B-1357-4A78-8090-48CD43C80833}.Release|Any CPU.Build.0 = Release|Any CPU
		{0BFA43A7-6AD8-4AA8-B30F-DFE1D3EC400F}.Debug|Any CPU.ActiveCfg = Debug|Any CPU
		{0BFA43A7-6AD8-4AA8-B30F-DFE1D3EC400F}.Debug|Any CPU.Build.0 = Debug|Any CPU
		{0BFA43A7-6AD8-4AA8-B30F-DFE1D3EC400F}.Release|Any CPU.ActiveCfg = Release|Any CPU
		{0BFA43A7-6AD8-4AA8-B30F-DFE1D3EC400F}.Release|Any CPU.Build.0 = Release|Any CPU
		{485B7090-1934-422B-B061-9973E9037518}.Debug|Any CPU.ActiveCfg = Debug|Any CPU
		{485B7090-1934-422B-B061-9973E9037518}.Debug|Any CPU.Build.0 = Debug|Any CPU
		{485B7090-1934-422B-B061-9973E9037518}.Release|Any CPU.ActiveCfg = Release|Any CPU
		{485B7090-1934-422B-B061-9973E9037518}.Release|Any CPU.Build.0 = Release|Any CPU
	EndGlobalSection
	GlobalSection(NestedProjects) = preSolution
		{8CFD0B7B-1357-4A78-8090-48CD43C80833} = {83BBCA77-ADCD-4207-A079-B283D1AF70B5}
		{0BFA43A7-6AD8-4AA8-B30F-DFE1D3EC400F} = {83BBCA77-ADCD-4207-A079-B283D1AF70B5}
		{485B7090-1934-422B-B061-9973E9037518} = {83BBCA77-ADCD-4207-A079-B283D1AF70B5}
	EndGlobalSection
EndGlobal
